
Microsoft Visual Studio Solution File, Format Version 12.00
# Visual Studio Version 17
VisualStudioVersion = 17.12.35527.113
MinimumVisualStudioVersion = 10.0.40219.1
Project("{FAE04EC0-301F-11D3-BF4B-00C04F79EFBC}") = "AlbionRadar", "AlbionRadar\AlbionRadar.csproj", "{2A66E4A1-589F-4B86-A2F1-968718AEE91D}"
EndProject
Project("{FAE04EC0-301F-11D3-BF4B-00C04F79EFBC}") = "AlbionDataHandlers", "AlbionDataHandlers\AlbionDataHandlers.csproj", "{6790964A-1F81-4F8F-AFEA-E3E908D7031B}"
EndProject
Project("{FAE04EC0-301F-11D3-BF4B-00C04F79EFBC}") = "BaseUtils", "BaseUtils\BaseUtils.csproj", "{3274BE5B-4EED-4B57-A4B0-440F1A16D330}"
EndProject
Project("{FAE04EC0-301F-11D3-BF4B-00C04F79EFBC}") = "PhotonParser", "PhotonParser\PhotonParser.csproj", "{128E7DC3-ED28-4945-AC6C-2302EC175455}"
EndProject
Global
	GlobalSection(SolutionConfigurationPlatforms) = preSolution
		Debug|Any CPU = Debug|Any CPU
		Debug|x64 = Debug|x64
		Release|Any CPU = Release|Any CPU
		Release|x64 = Release|x64
	EndGlobalSection
	GlobalSection(ProjectConfigurationPlatforms) = postSolution
		{2A66E4A1-589F-4B86-A2F1-968718AEE91D}.Debug|Any CPU.ActiveCfg = Debug|Any CPU
		{2A66E4A1-589F-4B86-A2F1-968718AEE91D}.Debug|Any CPU.Build.0 = Debug|Any CPU
		{2A66E4A1-589F-4B86-A2F1-968718AEE91D}.Debug|x64.ActiveCfg = Debug|x64
		{2A66E4A1-589F-4B86-A2F1-968718AEE91D}.Debug|x64.Build.0 = Debug|x64
		{2A66E4A1-589F-4B86-A2F1-968718AEE91D}.Release|Any CPU.ActiveCfg = Release|Any CPU
		{2A66E4A1-589F-4B86-A2F1-968718AEE91D}.Release|Any CPU.Build.0 = Release|Any CPU
		{2A66E4A1-589F-4B86-A2F1-968718AEE91D}.Release|x64.ActiveCfg = Release|x64
		{2A66E4A1-589F-4B86-A2F1-968718AEE91D}.Release|x64.Build.0 = Release|x64
		{6790964A-1F81-4F8F-AFEA-E3E908D7031B}.Debug|Any CPU.ActiveCfg = Debug|Any CPU
		{6790964A-1F81-4F8F-AFEA-E3E908D7031B}.Debug|Any CPU.Build.0 = Debug|Any CPU
		{6790964A-1F81-4F8F-AFEA-E3E908D7031B}.Debug|x64.ActiveCfg = Debug|Any CPU
		{6790964A-1F81-4F8F-AFEA-E3E908D7031B}.Debug|x64.Build.0 = Debug|Any CPU
		{6790964A-1F81-4F8F-AFEA-E3E908D7031B}.Release|Any CPU.ActiveCfg = Release|Any CPU
		{6790964A-1F81-4F8F-AFEA-E3E908D7031B}.Release|Any CPU.Build.0 = Release|Any CPU
		{6790964A-1F81-4F8F-AFEA-E3E908D7031B}.Release|x64.ActiveCfg = Release|Any CPU
		{6790964A-1F81-4F8F-AFEA-E3E908D7031B}.Release|x64.Build.0 = Release|Any CPU
		{3274BE5B-4EED-4B57-A4B0-440F1A16D330}.Debug|Any CPU.ActiveCfg = Debug|Any CPU
		{3274BE5B-4EED-4B57-A4B0-440F1A16D330}.Debug|Any CPU.Build.0 = Debug|Any CPU
		{3274BE5B-4EED-4B57-A4B0-440F1A16D330}.Debug|x64.ActiveCfg = Debug|Any CPU
		{3274BE5B-4EED-4B57-A4B0-440F1A16D330}.Debug|x64.Build.0 = Debug|Any CPU
		{3274BE5B-4EED-4B57-A4B0-440F1A16D330}.Release|Any CPU.ActiveCfg = Release|Any CPU
		{3274BE5B-4EED-4B57-A4B0-440F1A16D330}.Release|Any CPU.Build.0 = Release|Any CPU
		{3274BE5B-4EED-4B57-A4B0-440F1A16D330}.Release|x64.ActiveCfg = Release|Any CPU
		{3274BE5B-4EED-4B57-A4B0-440F1A16D330}.Release|x64.Build.0 = Release|Any CPU
		{128E7DC3-ED28-4945-AC6C-2302EC175455}.Debug|Any CPU.ActiveCfg = Debug|Any CPU
		{128E7DC3-ED28-4945-AC6C-2302EC175455}.Debug|Any CPU.Build.0 = Debug|Any CPU
		{128E7DC3-ED28-4945-AC6C-2302EC175455}.Debug|x64.ActiveCfg = Debug|Any CPU
		{128E7DC3-ED28-4945-AC6C-2302EC175455}.Debug|x64.Build.0 = Debug|Any CPU
		{128E7DC3-ED28-4945-AC6C-2302EC175455}.Release|Any CPU.ActiveCfg = Release|Any CPU
		{128E7DC3-ED28-4945-AC6C-2302EC175455}.Release|Any CPU.Build.0 = Release|Any CPU
		{128E7DC3-ED28-4945-AC6C-2302EC175455}.Release|x64.ActiveCfg = Release|Any CPU
		{128E7DC3-ED28-4945-AC6C-2302EC175455}.Release|x64.Build.0 = Release|Any CPU
	EndGlobalSection
	GlobalSection(SolutionProperties) = preSolution
		HideSolutionNode = FALSE
	EndGlobalSection
EndGlobal
